
Microsoft Visual Studio Solution File, Format Version 12.00
# Visual Studio Version 17
VisualStudioVersion = 17.2.32616.157
MinimumVisualStudioVersion = 10.0.40219.1
Project("{2150E333-8FDC-42A3-9474-1A3956D46DE8}") = "Sources", "Sources", "{B322EFA8-003D-46A7-A543-69475909180F}"
EndProject
Project("{9A19103F-16F7-4668-BE54-9A1E7A4F7556}") = "Plea.AspNetCore", "Sources\Plea.AspNetCore\Plea.AspNetCore.csproj", "{DF3F38FF-64F2-4AB4-9E10-97C3C1F285D0}"
EndProject
Project("{2150E333-8FDC-42A3-9474-1A3956D46DE8}") = "Samples", "Samples", "{7B8CCD42-8350-4FEA-B9EF-5569A44305AC}"
EndProject
Project("{9A19103F-16F7-4668-BE54-9A1E7A4F7556}") = "Plea.Sample.WebApi", "Samples\Plea.Sample.WebApi\Plea.Sample.WebApi.csproj", "{D4BEF5C4-3B5D-42F9-8558-62B14E179DD8}"
EndProject
Project("{2150E333-8FDC-42A3-9474-1A3956D46DE8}") = "Tests", "Tests", "{D414D168-FB18-42CF-9F26-0B25B77D8277}"
EndProject
Project("{9A19103F-16F7-4668-BE54-9A1E7A4F7556}") = "Plea.AspNetCore.UnitTests", "Tests\Plea.AspNetCore.UnitTests\Plea.AspNetCore.UnitTests.csproj", "{D61C7520-ECAB-4AF2-AB94-FBB23384417D}"
EndProject
Project("{FAE04EC0-301F-11D3-BF4B-00C04F79EFBC}") = "Plea.Core", "Sources\Plea.Core\Plea.Core.csproj", "{36D8C872-3EE8-443A-8D90-437B9BFFA2B3}"
EndProject
Global
	GlobalSection(SolutionConfigurationPlatforms) = preSolution
		Debug|Any CPU = Debug|Any CPU
		Release|Any CPU = Release|Any CPU
	EndGlobalSection
	GlobalSection(ProjectConfigurationPlatforms) = postSolution
		{DF3F38FF-64F2-4AB4-9E10-97C3C1F285D0}.Debug|Any CPU.ActiveCfg = Debug|Any CPU
		{DF3F38FF-64F2-4AB4-9E10-97C3C1F285D0}.Debug|Any CPU.Build.0 = Debug|Any CPU
		{DF3F38FF-64F2-4AB4-9E10-97C3C1F285D0}.Release|Any CPU.ActiveCfg = Release|Any CPU
		{DF3F38FF-64F2-4AB4-9E10-97C3C1F285D0}.Release|Any CPU.Build.0 = Release|Any CPU
		{D4BEF5C4-3B5D-42F9-8558-62B14E179DD8}.Debug|Any CPU.ActiveCfg = Debug|Any CPU
		{D4BEF5C4-3B5D-42F9-8558-62B14E179DD8}.Debug|Any CPU.Build.0 = Debug|Any CPU
		{D4BEF5C4-3B5D-42F9-8558-62B14E179DD8}.Release|Any CPU.ActiveCfg = Release|Any CPU
		{D4BEF5C4-3B5D-42F9-8558-62B14E179DD8}.Release|Any CPU.Build.0 = Release|Any CPU
		{D61C7520-ECAB-4AF2-AB94-FBB23384417D}.Debug|Any CPU.ActiveCfg = Debug|Any CPU
		{D61C7520-ECAB-4AF2-AB94-FBB23384417D}.Debug|Any CPU.Build.0 = Debug|Any CPU
		{D61C7520-ECAB-4AF2-AB94-FBB23384417D}.Release|Any CPU.ActiveCfg = Release|Any CPU
		{D61C7520-ECAB-4AF2-AB94-FBB23384417D}.Release|Any CPU.Build.0 = Release|Any CPU
		{36D8C872-3EE8-443A-8D90-437B9BFFA2B3}.Debug|Any CPU.ActiveCfg = Debug|Any CPU
		{36D8C872-3EE8-443A-8D90-437B9BFFA2B3}.Debug|Any CPU.Build.0 = Debug|Any CPU
		{36D8C872-3EE8-443A-8D90-437B9BFFA2B3}.Release|Any CPU.ActiveCfg = Release|Any CPU
		{36D8C872-3EE8-443A-8D90-437B9BFFA2B3}.Release|Any CPU.Build.0 = Release|Any CPU
	EndGlobalSection
	GlobalSection(SolutionProperties) = preSolution
		HideSolutionNode = FALSE
	EndGlobalSection
	GlobalSection(NestedProjects) = preSolution
		{DF3F38FF-64F2-4AB4-9E10-97C3C1F285D0} = {B322EFA8-003D-46A7-A543-69475909180F}
		{D4BEF5C4-3B5D-42F9-8558-62B14E179DD8} = {7B8CCD42-8350-4FEA-B9EF-5569A44305AC}
		{D61C7520-ECAB-4AF2-AB94-FBB23384417D} = {D414D168-FB18-42CF-9F26-0B25B77D8277}
		{36D8C872-3EE8-443A-8D90-437B9BFFA2B3} = {B322EFA8-003D-46A7-A543-69475909180F}
	EndGlobalSection
	GlobalSection(ExtensibilityGlobals) = postSolution
		SolutionGuid = {846A34F9-5BF9-402C-8B81-9D17A73BA1E6}
	EndGlobalSection
EndGlobal
